Microsoft Visual Studio Solution File, Format Version 12.00
# Visual Studio Version 17
VisualStudioVersion = 17.5.2.0
MinimumVisualStudioVersion = 10.0.40219.1
Project("{FAE04EC0-301F-11D3-BF4B-00C04F79EFBC}") = "module-call-methods", "module-call-methods.csproj", "{775390DC-4E93-60C7-9970-1211FDBF7C39}"
EndProject
Global
	GlobalSection(SolutionConfigurationPlatforms) = preSolution
		Debug|Any CPU = Debug|Any CPU
		Release|Any CPU = Release|Any CPU
	EndGlobalSection
	GlobalSection(ProjectConfigurationPlatforms) = postSolution
		{775390DC-4E93-60C7-9970-1211FDBF7C39}.Debug|Any CPU.ActiveCfg = Debug|Any CPU
		{775390DC-4E93-60C7-9970-1211FDBF7C39}.Debug|Any CPU.Build.0 = Debug|Any CPU
		{775390DC-4E93-60C7-9970-1211FDBF7C39}.Release|Any CPU.ActiveCfg = Release|Any CPU
		{775390DC-4E93-60C7-9970-1211FDBF7C39}.Release|Any CPU.Build.0 = Release|Any CPU
	EndGlobalSection
	GlobalSection(SolutionProperties) = preSolution
		HideSolutionNode = FALSE
	EndGlobalSection
	GlobalSection(ExtensibilityGlobals) = postSolution
		SolutionGuid = {A49B54EF-62E9-4823-B5D0-2C1B6AFC191C}
	EndGlobalSection
EndGlobal
