Microsoft Visual Studio Solution File, Format Version 12.00
# Visual Studio Version 17
VisualStudioVersion = 17.5.2.0
MinimumVisualStudioVersion = 10.0.40219.1
Project("{FAE04EC0-301F-11D3-BF4B-00C04F79EFBC}") = "7-challenge-2", "7-challenge-2.csproj", "{28A12958-43E1-F956-F0BC-200B28D2E15D}"
EndProject
Global
	GlobalSection(SolutionConfigurationPlatforms) = preSolution
		Debug|Any CPU = Debug|Any CPU
		Release|Any CPU = Release|Any CPU
	EndGlobalSection
	GlobalSection(ProjectConfigurationPlatforms) = postSolution
		{28A12958-43E1-F956-F0BC-200B28D2E15D}.Debug|Any CPU.ActiveCfg = Debug|Any CPU
		{28A12958-43E1-F956-F0BC-200B28D2E15D}.Debug|Any CPU.Build.0 = Debug|Any CPU
		{28A12958-43E1-F956-F0BC-200B28D2E15D}.Release|Any CPU.ActiveCfg = Release|Any CPU
		{28A12958-43E1-F956-F0BC-200B28D2E15D}.Release|Any CPU.Build.0 = Release|Any CPU
	EndGlobalSection
	GlobalSection(SolutionProperties) = preSolution
		HideSolutionNode = FALSE
	EndGlobalSection
	GlobalSection(ExtensibilityGlobals) = postSolution
		SolutionGuid = {D1012E92-C03C-4497-8D19-B6C94B29E9DE}
	EndGlobalSection
EndGlobal
