Microsoft Visual Studio Solution File, Format Version 12.00
# Visual Studio Version 17
VisualStudioVersion = 17.5.2.0
MinimumVisualStudioVersion = 10.0.40219.1
Project("{FAE04EC0-301F-11D3-BF4B-00C04F79EFBC}") = "6-challenge-2", "6-challenge-2.csproj", "{172CAEAA-F062-D152-1D62-E08B56875EDB}"
EndProject
Global
	GlobalSection(SolutionConfigurationPlatforms) = preSolution
		Debug|Any CPU = Debug|Any CPU
		Release|Any CPU = Release|Any CPU
	EndGlobalSection
	GlobalSection(ProjectConfigurationPlatforms) = postSolution
		{172CAEAA-F062-D152-1D62-E08B56875EDB}.Debug|Any CPU.ActiveCfg = Debug|Any CPU
		{172CAEAA-F062-D152-1D62-E08B56875EDB}.Debug|Any CPU.Build.0 = Debug|Any CPU
		{172CAEAA-F062-D152-1D62-E08B56875EDB}.Release|Any CPU.ActiveCfg = Release|Any CPU
		{172CAEAA-F062-D152-1D62-E08B56875EDB}.Release|Any CPU.Build.0 = Release|Any CPU
	EndGlobalSection
	GlobalSection(SolutionProperties) = preSolution
		HideSolutionNode = FALSE
	EndGlobalSection
	GlobalSection(ExtensibilityGlobals) = postSolution
		SolutionGuid = {CFB93F5E-F4A1-4F09-A9FF-5F01B4F17026}
	EndGlobalSection
EndGlobal
